github.com/git-pkgs/managers v0.8.2-0.20260413100248-effbf8f1d790 h1:Za/AXmVQ7uMe0Eurinu/cfFM6+Nv2tuAhlWT0dzsyQI=
github.com/git-pkgs/managers v0.8.2-0.20260413100248-effbf8f1d790/go.mod h1:8DR7tIQEEyPyJ7QGzStVbovnGl7tAJcrhQLzjQPzFzc=
github.com/git-pkgs/packageurl-go v0.2.1 h1:j6VnjJiYS9b1nTLfJGsG6SLaA7Nk6Io+ta8grOyTa4o=
github.com/git-pkgs/packageurl-go v0.2.1/go.mod h1:rcIxiG37BlQLB6FZfgdj9Fm7yjhRQd3l+5o7J0QPAk4=
github.com/git-pkgs/purl v0.1.8 h1:iyjEHM2WIZUL9A3+q9ylrabqILsN4nOay9X6jfEjmzQ=
github.com/git-pkgs/purl v0.1.8/go.mod h1:ihlHw3bnSLXat+9Nl9MsJZBYiG7s3NkwmvE3L/Es/sI=
github.com/git-pkgs/vers v0.2.2 h1:42QkiIURhGN2wM8AuYYU+FbzS1YV6jmdGd1RiFp7gXs=
github.com/git-pkgs/vers v0.2.2/go.mod h1:biTbSQK1qdbrsxDEKnqe3Jzclxz8vW6uDcwKjfUGcOo=
gopkg.in/check.v1 v0.0.0-20161208181325-20d25e280405 h1:yhCVgyC4o1eVCa2tZl7eS0r+SDo693bJlVdllGtEeKM=
gopkg.in/check.v1 v0.0.0-20161208181325-20d25e280405/go.mod h1:Co6ibVJAznAaIkqp8huTwlJQCZ016jof/cbN4VW5Yz0=
gopkg.in/yaml.v3 v3.0.1 h1:fxVm/GzAzEWqLHuvctI91KS9hhNmmWOoWu0XTYJS7CA=
gopkg.in/yaml.v3 v3.0.1/go.mod h1:K4uyk7z7BCEPqu6E+C64Yfv1cQ7kz7rIZviUmN+EgEM=
